PODS:
  - e3kit (0.0.1):
    - Flutter
    - VirgilE3Kit (~> 0.7.0)
  - Flutter (1.0.0)
  - VirgilCrypto (5.2.0):
    - VirgilCryptoFoundation (~> 0.11.0)
  - VirgilCryptoFoundation (0.11.1):
    - VSCCrypto/Common (= 0.11.0)
    - VSCCrypto/Foundation (= 0.11.0)
  - VirgilCryptoPythia (0.11.1):
    - VirgilCryptoFoundation (= 0.11.1)
    - VSCCrypto/Common (= 0.11.0)
    - VSCCrypto/Foundation (= 0.11.0)
    - VSCCrypto/Pythia (= 0.11.0)
  - VirgilE3Kit (0.7.0):
    - VirgilSDKPythia (~> 0.7.0)
  - VirgilSDK (7.0.2):
    - VirgilCrypto (~> 5.2)
  - VirgilSDKPythia (0.7.1):
    - VirgilCryptoPythia (~> 0.11.0)
    - VirgilSDK (~> 7.0)
  - VSCCrypto/Common (0.11.0)
  - VSCCrypto/Foundation (0.11.0)
  - VSCCrypto/Pythia (0.11.0)

DEPENDENCIES:
  - e3kit (from `.symlinks/plugins/e3kit/ios`)
  - Flutter (from `.symlinks/flutter/ios-release`)

SPEC REPOS:
  trunk:
    - VirgilCrypto
    - VirgilCryptoFoundation
    - VirgilCryptoPythia
    - VirgilE3Kit
    - VirgilSDK
    - VirgilSDKPythia
    - VSCCrypto

EXTERNAL SOURCES:
  e3kit:
    :path: ".symlinks/plugins/e3kit/ios"
  Flutter:
    :path: ".symlinks/flutter/ios-release"

SPEC CHECKSUMS:
  e3kit: 4b929e87e9b486b726270c6d16a980edea2103e3
  Flutter: 0e3d915762c693b495b44d77113d4970485de6ec
  VirgilCrypto: 309fa760ba0f21f160e7c54c58fca3d33a3913fe
  VirgilCryptoFoundation: d5678b66b72fe528b8d59469b2787796f8f56c94
  VirgilCryptoPythia: 260ebee50f05c2ead5c08b84fcd297d058f983e5
  VirgilE3Kit: f30959b92b6f716a9c7a695067456309b3ce3768
  VirgilSDK: 5ba4d5347ba91848c43c17e586bd40407aba271b
  VirgilSDKPythia: 4c9278156e568970e529fec796a684ec48b28788
  VSCCrypto: 9ffdbed1f9c3fdd4baee7d02aa2baab4ca5d8dd2

PODFILE CHECKSUM: b6a0a141693093b304368d08511b46cf3d1d0ac5

COCOAPODS: 1.8.4
